
Microsoft Visual Studio Solution File, Format Version 12.00
# Visual Studio Version 16
VisualStudioVersion = 16.0.30804.86
MinimumVisualStudioVersion = 10.0.40219.1
Project("{9A19103F-16F7-4668-BE54-9A1E7A4F7556}") = "CovidVaccine", "CovidVaccine\CovidVaccine.csproj", "{569CDB98-357C-471D-B377-8C1B23ECE2B1}"
EndProject
Project("{FAE04EC0-301F-11D3-BF4B-00C04F79EFBC}") = "CovidVaccine.Model", "CovidVaccine.Model\CovidVaccine.Model.csproj", "{3E6E244C-2215-4028-AAA5-87FD69D98C48}"
EndProject
Project("{FAE04EC0-301F-11D3-BF4B-00C04F79EFBC}") = "CovidVaccine.Repository", "..\CovidVaccineRepository\CovidVaccine.Repository.csproj", "{EF998958-AB0E-4308-B3FB-4DFF847B2A73}"
EndProject
Global
	GlobalSection(SolutionConfigurationPlatforms) = preSolution
		Debug|Any CPU = Debug|Any CPU
		Release|Any CPU = Release|Any CPU
	EndGlobalSection
	GlobalSection(ProjectConfigurationPlatforms) = postSolution
		{569CDB98-357C-471D-B377-8C1B23ECE2B1}.Debug|Any CPU.ActiveCfg = Debug|Any CPU
		{569CDB98-357C-471D-B377-8C1B23ECE2B1}.Debug|Any CPU.Build.0 = Debug|Any CPU
		{569CDB98-357C-471D-B377-8C1B23ECE2B1}.Release|Any CPU.ActiveCfg = Release|Any CPU
		{569CDB98-357C-471D-B377-8C1B23ECE2B1}.Release|Any CPU.Build.0 = Release|Any CPU
		{3E6E244C-2215-4028-AAA5-87FD69D98C48}.Debug|Any CPU.ActiveCfg = Debug|Any CPU
		{3E6E244C-2215-4028-AAA5-87FD69D98C48}.Debug|Any CPU.Build.0 = Debug|Any CPU
		{3E6E244C-2215-4028-AAA5-87FD69D98C48}.Release|Any CPU.ActiveCfg = Release|Any CPU
		{3E6E244C-2215-4028-AAA5-87FD69D98C48}.Release|Any CPU.Build.0 = Release|Any CPU
		{EF998958-AB0E-4308-B3FB-4DFF847B2A73}.Debug|Any CPU.ActiveCfg = Debug|Any CPU
		{EF998958-AB0E-4308-B3FB-4DFF847B2A73}.Debug|Any CPU.Build.0 = Debug|Any CPU
		{EF998958-AB0E-4308-B3FB-4DFF847B2A73}.Release|Any CPU.ActiveCfg = Release|Any CPU
		{EF998958-AB0E-4308-B3FB-4DFF847B2A73}.Release|Any CPU.Build.0 = Release|Any CPU
	EndGlobalSection
	GlobalSection(SolutionProperties) = preSolution
		HideSolutionNode = FALSE
	EndGlobalSection
	GlobalSection(ExtensibilityGlobals) = postSolution
		SolutionGuid = {86892144-3A00-4284-937C-16814D88F4F1}
	EndGlobalSection
EndGlobal
